<?xml version="1.0" encoding="utf-8"?>
<Project ToolsVersion="4.0" xmlns="http://schemas.microsoft.com/developer/msbuild/2003">
  <ItemGroup>
    <Filter Include="Source Files">
      <UniqueIdentifier>{4FC737F1-C7A5-4376-A066-2A32D752A2FF}</UniqueIdentifier>
      <Extensions>cpp;c;cc;cxx;def;odl;idl;hpj;bat;asm;asmx</Extensions>
    </Filter>
    <Filter Include="Header Files">
      <UniqueIdentifier>{93995380-89BD-4b04-88EB-625FBE52EBFB}</UniqueIdentifier>
      <Extensions>h;hh;hpp;hxx;hm;inl;inc;xsd</Extensions>
    </Filter>
    <Filter Include="Resource Files">
      <UniqueIdentifier>{67DA6AB6-F800-4c08-8B7A-83BB121AAD01}</UniqueIdentifier>
      <Extensions>rc;ico;cur;bmp;dlg;rc2;rct;bin;rgs;gif;jpg;jpeg;jpe;resx;tiff;tif;png;wav;mfcribbon-ms</Extensions>
    </Filter>
    <Filter Include="Source Files\Emr">
      <UniqueIdentifier>{7bdd4cf9-f84c-46af-917b-19b061e70fe9}</UniqueIdentifier>
    </Filter>
    <Filter Include="Source Files\CommonSeamLdr64">
      <UniqueIdentifier>{e571fde9-540d-4e24-af1b-e2a4c1432774}</UniqueIdentifier>
    </Filter>
    <Filter Include="Header Files\Core">
      <UniqueIdentifier>{b0017216-4d90-4aa5-b9a5-6e47b0adb97f}</UniqueIdentifier>
    </Filter>
    <Filter Include="Source Files\Core">
      <UniqueIdentifier>{6aa68548-5a02-4977-9132-a2b27299c6eb}</UniqueIdentifier>
    </Filter>
  </ItemGroup>
  <ItemGroup>
    <ClCompile Include="..\..\..\..\..\Core\CommonSeamLdr64\vmcs.c">
      <Filter>Source Files\CommonSeamLdr64</Filter>
    </ClCompile>
    <ClCompile Include="..\..\..\..\..\Core\Common\Init64.c">
      <Filter>Source Files\Core</Filter>
    </ClCompile>
    <ClCompile Include="..\..\SeamldrEntry.c">
      <Filter>Source Files\Emr</Filter>
    </ClCompile>
    <ClCompile Include="..\..\..\..\..\Core\Trace64\Trace64.c">
      <Filter>Source Files\Core</Filter>
    </ClCompile>
    <ClCompile Include="..\..\..\..\..\Core\CommonSeamLdr64\SeamldrCrypto.c">
      <Filter>Source Files\CommonSeamLdr64</Filter>
    </ClCompile>
    <ClCompile Include="..\..\Seamldr64.c">
      <Filter>Source Files\Emr</Filter>
    </ClCompile>
    <ClCompile Include="..\..\..\..\..\..\Core\CommonSeamLdr64\SeamldrCore64.c">
      <Filter>Source Files\CommonSeamLdr64</Filter>
    </ClCompile>
    <ClCompile Include="..\..\..\..\..\..\Core\CommonSeamLdr64\globals64.c">
      <Filter>Source Files\CommonSeamLdr64</Filter>
    </ClCompile>
    <ClCompile Include="..\..\..\..\..\..\Core\CommonSeamLdr64\AcmPaging64.c">
      <Filter>Source Files\CommonSeamLdr64</Filter>
    </ClCompile>
    <ClCompile Include="..\..\..\..\..\..\Core\CommonSeamLdr64\elf64.c">
      <Filter>Source Files\CommonSeamLdr64</Filter>
    </ClCompile>
    <ClCompile Include="..\..\..\..\..\..\Core\CommonSeamLdr64\SeamrrPaging64.c">
      <Filter>Source Files\CommonSeamLdr64</Filter>
    </ClCompile>
  </ItemGroup>
  <ItemGroup>
    <ClInclude Include="..\..\..\..\..\Core\Include\accessors.h">
      <Filter>Header Files\Core</Filter>
    </ClInclude>
    <ClInclude Include="..\..\..\..\..\Core\Include\common.h">
      <Filter>Header Files\Core</Filter>
    </ClInclude>
    <ClInclude Include="..\..\..\..\..\Core\Server\Include\Common64.h">
      <Filter>Header Files\Core</Filter>
    </ClInclude>
    <ClInclude Include="..\..\..\..\..\Core\Include\Trace.h">
      <Filter>Header Files\Core</Filter>
    </ClInclude>
    <ClInclude Include="..\..\..\..\..\Core\Crypto64\ipp\include\ippcp.h">
      <Filter>Header Files\Core</Filter>
    </ClInclude>
    <ClInclude Include="..\..\..\..\..\Core\Crypto64\ipp\include\ippcpdefs.h">
      <Filter>Header Files\Core</Filter>
    </ClInclude>
    <ClInclude Include="..\..\..\..\..\Core\Crypto64\ipp\include\ippversion.h">
      <Filter>Header Files\Core</Filter>
    </ClInclude>
    <ClInclude Include="..\..\..\..\..\Core\Include\NpSeamldrApi.h">
      <Filter>Header Files\Core</Filter>
    </ClInclude>
    <ClInclude Include="..\..\..\..\..\Core\Include\NpSeamldr.h">
      <Filter>Header Files\Core</Filter>
    </ClInclude>
    <ClInclude Include="..\..\..\..\..\Core\Include\Header.h">
      <Filter>Header Files</Filter>
    </ClInclude>
  </ItemGroup>
</Project>